// !$*UTF8*$!
{
	archiveVersion = 1;
	classes = {
	};
	objectVersion = 56;
	objects = {

/* Begin PBXBuildFile section */
		FB6FB38329DB765C003DE30D /* main.swift in Sources */ = {isa = PBXBuildFile; fileRef = FB6FB38229DB765C003DE30D /* main.swift */; };
		FB6FB39229DB76A3003DE30D /* unitTest.swift in Sources */ = {isa = PBXBuildFile; fileRef = FB6FB39129DB76A3003DE30D /* unitTest.swift */; };
		FB6FB39729DBBD6D003DE30D /* parser.swift in Sources */ = {isa = PBXBuildFile; fileRef = FB6FB39629DBBD6D003DE30D /* parser.swift */; };
		FB6FB39A29DCED3B003DE30D /* main.swift in Sources */ = {isa = PBXBuildFile; fileRef = FB6FB38229DB765C003DE30D /* main.swift */; };
/* End PBXBuildFile section */

/* Begin PBXCopyFilesBuildPhase section */
		FB6FB37D29DB765C003DE30D /* CopyFiles */ = {
			isa = PBXCopyFilesBuildPhase;
			buildActionMask = 2147483647;
			dstPath = /usr/share/man/man1/;
			dstSubfolderSpec = 0;
			files = (
			);
			runOnlyForDeploymentPostprocessing = 1;
		};
/* End PBXCopyFilesBuildPhase section */

/* Begin PBXFileReference section */
		FB6FB37F29DB765C003DE30D /* testSwiftCompiler */ = {isa = PBXFileReference; explicitFileType = "compiled.mach-o.executable"; includeInIndex = 0; path = testSwiftCompiler; sourceTree = BUILT_PRODUCTS_DIR; };
		FB6FB38229DB765C003DE30D /* main.swift */ = {isa = PBXFileReference; lastKnownFileType = sourcecode.swift; path = main.swift; sourceTree = "<group>"; };
		FB6FB38F29DB76A3003DE30D /* unitTest.xctest */ = {isa = PBXFileReference; explicitFileType = wrapper.cfbundle; includeInIndex = 0; path = unitTest.xctest; sourceTree = BUILT_PRODUCTS_DIR; };
		FB6FB39129DB76A3003DE30D /* unitTest.swift */ = {isa = PBXFileReference; lastKnownFileType = sourcecode.swift; path = unitTest.swift; sourceTree = "<group>"; };
		FB6FB39629DBBD6D003DE30D /* parser.swift */ = {isa = PBXFileReference; lastKnownFileType = sourcecode.swift; path = parser.swift; sourceTree = "<group>"; };
/* End PBXFileReference section */

/* Begin PBXFrameworksBuildPhase section */
		FB6FB37C29DB765C003DE30D /* Frameworks */ = {
			isa = PBXFrameworksBuildPhase;
			buildActionMask = 2147483647;
			files = (
			);
			runOnlyForDeploymentPostprocessing = 0;
		};
		FB6FB38C29DB76A3003DE30D /* Frameworks */ = {
			isa = PBXFrameworksBuildPhase;
			buildActionMask = 2147483647;
			files = (
			);
			runOnlyForDeploymentPostprocessing = 0;
		};
/* End PBXFrameworksBuildPhase section */

/* Begin PBXGroup section */
		FB6FB37629DB765C003DE30D = {
			isa = PBXGroup;
			children = (
				FB6FB38129DB765C003DE30D /* testSwiftCompiler */,
				FB6FB39029DB76A3003DE30D /* unitTest */,
				FB6FB38029DB765C003DE30D /* Products */,
			);
			sourceTree = "<group>";
		};
		FB6FB38029DB765C003DE30D /* Products */ = {
			isa = PBXGroup;
			children = (
				FB6FB37F29DB765C003DE30D /* testSwiftCompiler */,
				FB6FB38F29DB76A3003DE30D /* unitTest.xctest */,
			);
			name = Products;
			sourceTree = "<group>";
		};
		FB6FB38129DB765C003DE30D /* testSwiftCompiler */ = {
			isa = PBXGroup;
			children = (
				FB6FB38229DB765C003DE30D /* main.swift */,
				FB6FB39629DBBD6D003DE30D /* parser.swift */,
			);
			path = testSwiftCompiler;
			sourceTree = "<group>";
		};
		FB6FB39029DB76A3003DE30D /* unitTest */ = {
			isa = PBXGroup;
			children = (
				FB6FB39129DB76A3003DE30D /* unitTest.swift */,
			);
			path = unitTest;
			sourceTree = "<group>";
		};
/* End PBXGroup section */

/* Begin PBXNativeTarget section */
		FB6FB37E29DB765C003DE30D /* testSwiftCompiler */ = {
			isa = PBXNativeTarget;
			buildConfigurationList = FB6FB38629DB765C003DE30D /* Build configuration list for PBXNativeTarget "testSwiftCompiler" */;
			buildPhases = (
				FB6FB37B29DB765C003DE30D /* Sources */,
				FB6FB37C29DB765C003DE30D /* Frameworks */,
				FB6FB37D29DB765C003DE30D /* CopyFiles */,
			);
			buildRules = (
			);
			dependencies = (
			);
			name = testSwiftCompiler;
			productName = testSwiftCompiler;
			productReference = FB6FB37F29DB765C003DE30D /* testSwiftCompiler */;
			productType = "com.apple.product-type.tool";
		};
		FB6FB38E29DB76A3003DE30D /* unitTest */ = {
			isa = PBXNativeTarget;
			buildConfigurationList = FB6FB39329DB76A3003DE30D /* Build configuration list for PBXNativeTarget "unitTest" */;
			buildPhases = (
				FB6FB38B29DB76A3003DE30D /* Sources */,
				FB6FB38C29DB76A3003DE30D /* Frameworks */,
				FB6FB38D29DB76A3003DE30D /* Resources */,
			);
			buildRules = (
			);
			dependencies = (
			);
			name = unitTest;
			productName = unitTest;
			productReference = FB6FB38F29DB76A3003DE30D /* unitTest.xctest */;
			productType = "com.apple.product-type.bundle.unit-test";
		};
/* End PBXNativeTarget section */

/* Begin PBXProject section */
		FB6FB37729DB765C003DE30D /* Project object */ = {
			isa = PBXProject;
			attributes = {
				BuildIndependentTargetsInParallel = 1;
				LastSwiftUpdateCheck = 1400;
				LastUpgradeCheck = 1400;
				TargetAttributes = {
					FB6FB37E29DB765C003DE30D = {
						CreatedOnToolsVersion = 14.0.1;
					};
					FB6FB38E29DB76A3003DE30D = {
						CreatedOnToolsVersion = 14.0.1;
					};
				};
			};
			buildConfigurationList = FB6FB37A29DB765C003DE30D /* Build configuration list for PBXProject "testSwiftCompiler" */;
			compatibilityVersion = "Xcode 14.0";
			developmentRegion = en;
			hasScannedForEncodings = 0;
			knownRegions = (
				en,
				Base,
			);
			mainGroup = FB6FB37629DB765C003DE30D;
			productRefGroup = FB6FB38029DB765C003DE30D /* Products */;
			projectDirPath = "";
			projectRoot = "";
			targets = (
				FB6FB37E29DB765C003DE30D /* testSwiftCompiler */,
				FB6FB38E29DB76A3003DE30D /* unitTest */,
			);
		};
/* End PBXProject section */

/* Begin PBXResourcesBuildPhase section */
		FB6FB38D29DB76A3003DE30D /* Resources */ = {
			isa = PBXResourcesBuildPhase;
			buildActionMask = 2147483647;
			files = (
			);
			runOnlyForDeploymentPostprocessing = 0;
		};
/* End PBXResourcesBuildPhase section */

/* Begin PBXSourcesBuildPhase section */
		FB6FB37B29DB765C003DE30D /* Sources */ = {
			isa = PBXSourcesBuildPhase;
			buildActionMask = 2147483647;
			files = (
				FB6FB39729DBBD6D003DE30D /* parser.swift in Sources */,
				FB6FB38329DB765C003DE30D /* main.swift in Sources */,
			);
			runOnlyForDeploymentPostprocessing = 0;
		};
		FB6FB38B29DB76A3003DE30D /* Sources */ = {
			isa = PBXSourcesBuildPhase;
			buildActionMask = 2147483647;
			files = (
				FB6FB39A29DCED3B003DE30D /* main.swift in Sources */,
				FB6FB39229DB76A3003DE30D /* unitTest.swift in Sources */,
			);
			runOnlyForDeploymentPostprocessing = 0;
		};
/* End PBXSourcesBuildPhase section */

/* Begin XCBuildConfiguration section */
		FB6FB38429DB765C003DE30D /* Debug */ = {
			isa = XCBuildConfiguration;
			buildSettings = {
				ALWAYS_SEARCH_USER_PATHS = NO;
				CLANG_ANALYZER_NONNULL = YES;
				CLANG_ANALYZER_NUMBER_OBJECT_CONVERSION = YES_AGGRESSIVE;
				CLANG_CXX_LANGUAGE_STANDARD = "gnu++20";
				CLANG_ENABLE_MODULES = YES;
				CLANG_ENABLE_OBJC_ARC = YES;
				CLANG_ENABLE_OBJC_WEAK = YES;
				CLANG_WARN_BLOCK_CAPTURE_AUTORELEASING = YES;
				CLANG_WARN_BOOL_CONVERSION = YES;
				CLANG_WARN_COMMA = YES;
				CLANG_WARN_CONSTANT_CONVERSION = YES;
				CLANG_WARN_DEPRECATED_OBJC_IMPLEMENTATIONS = YES;
				CLANG_WARN_DIRECT_OBJC_ISA_USAGE = YES_ERROR;
				CLANG_WARN_DOCUMENTATION_COMMENTS = YES;
				CLANG_WARN_EMPTY_BODY = YES;
				CLANG_WARN_ENUM_CONVERSION = YES;
				CLANG_WARN_INFINITE_RECURSION = YES;
				CLANG_WARN_INT_CONVERSION = YES;
				CLANG_WARN_NON_LITERAL_NULL_CONVERSION = YES;
				CLANG_WARN_OBJC_IMPLICIT_RETAIN_SELF = YES;
				CLANG_WARN_OBJC_LITERAL_CONVERSION = YES;
				CLANG_WARN_OBJC_ROOT_CLASS = YES_ERROR;
				CLANG_WARN_QUOTED_INCLUDE_IN_FRAMEWORK_HEADER = YES;
				CLANG_WARN_RANGE_LOOP_ANALYSIS = YES;
				CLANG_WARN_STRICT_PROTOTYPES = YES;
				CLANG_WARN_SUSPICIOUS_MOVE = YES;
				CLANG_WARN_UNGUARDED_AVAILABILITY = YES_AGGRESSIVE;
				CLANG_WARN_UNREACHABLE_CODE = YES;
				CLANG_WARN__DUPLICATE_METHOD_MATCH = YES;
				COPY_PHASE_STRIP = NO;
				DEBUG_INFORMATION_FORMAT = dwarf;
				ENABLE_STRICT_OBJC_MSGSEND = YES;
				ENABLE_TESTABILITY = YES;
				GCC_C_LANGUAGE_STANDARD = gnu11;
				GCC_DYNAMIC_NO_PIC = NO;
				GCC_NO_COMMON_BLOCKS = YES;
				GCC_OPTIMIZATION_LEVEL = 0;
				GCC_PREPROCESSOR_DEFINITIONS = (
					"DEBUG=1",
					"$(inherited)",
				);
				GCC_WARN_64_TO_32_BIT_CONVERSION = YES;
				GCC_WARN_ABOUT_RETURN_TYPE = YES_ERROR;
				GCC_WARN_UNDECLARED_SELECTOR = YES;
				GCC_WARN_UNINITIALIZED_AUTOS = YES_AGGRESSIVE;
				GCC_WARN_UNUSED_FUNCTION = YES;
				GCC_WARN_UNUSED_VARIABLE = YES;
				MACOSX_DEPLOYMENT_TARGET = 12.3;
				MTL_ENABLE_DEBUG_INFO = INCLUDE_SOURCE;
				MTL_FAST_MATH = YES;
				ONLY_ACTIVE_ARCH = YES;
				SDKROOT = macosx;
				SWIFT_ACTIVE_COMPILATION_CONDITIONS = DEBUG;
				SWIFT_OPTIMIZATION_LEVEL = "-Onone";
			};
			name = Debug;
		};
		FB6FB38529DB765C003DE30D /* Release */ = {
			isa = XCBuildConfiguration;
			buildSettings = {
				ALWAYS_SEARCH_USER_PATHS = NO;
				CLANG_ANALYZER_NONNULL = YES;
				CLANG_ANALYZER_NUMBER_OBJECT_CONVERSION = YES_AGGRESSIVE;
				CLANG_CXX_LANGUAGE_STANDARD = "gnu++20";
				CLANG_ENABLE_MODULES = YES;
				CLANG_ENABLE_OBJC_ARC = YES;
				CLANG_ENABLE_OBJC_WEAK = YES;
				CLANG_WARN_BLOCK_CAPTURE_AUTORELEASING = YES;
				CLANG_WARN_BOOL_CONVERSION = YES;
				CLANG_WARN_COMMA = YES;
				CLANG_WARN_CONSTANT_CONVERSION = YES;
				CLANG_WARN_DEPRECATED_OBJC_IMPLEMENTATIONS = YES;
				CLANG_WARN_DIRECT_OBJC_ISA_USAGE = YES_ERROR;
				CLANG_WARN_DOCUMENTATION_COMMENTS = YES;
				CLANG_WARN_EMPTY_BODY = YES;
				CLANG_WARN_ENUM_CONVERSION = YES;
				CLANG_WARN_INFINITE_RECURSION = YES;
				CLANG_WARN_INT_CONVERSION = YES;
				CLANG_WARN_NON_LITERAL_NULL_CONVERSION = YES;
				CLANG_WARN_OBJC_IMPLICIT_RETAIN_SELF = YES;
				CLANG_WARN_OBJC_LITERAL_CONVERSION = YES;
				CLANG_WARN_OBJC_ROOT_CLASS = YES_ERROR;
				CLANG_WARN_QUOTED_INCLUDE_IN_FRAMEWORK_HEADER = YES;
				CLANG_WARN_RANGE_LOOP_ANALYSIS = YES;
				CLANG_WARN_STRICT_PROTOTYPES = YES;
				CLANG_WARN_SUSPICIOUS_MOVE = YES;
				CLANG_WARN_UNGUARDED_AVAILABILITY = YES_AGGRESSIVE;
				CLANG_WARN_UNREACHABLE_CODE = YES;
				CLANG_WARN__DUPLICATE_METHOD_MATCH = YES;
				COPY_PHASE_STRIP = NO;
				DEBUG_INFORMATION_FORMAT = "dwarf-with-dsym";
				ENABLE_NS_ASSERTIONS = NO;
				ENABLE_STRICT_OBJC_MSGSEND = YES;
				GCC_C_LANGUAGE_STANDARD = gnu11;
				GCC_NO_COMMON_BLOCKS = YES;
				GCC_WARN_64_TO_32_BIT_CONVERSION = YES;
				GCC_WARN_ABOUT_RETURN_TYPE = YES_ERROR;
				GCC_WARN_UNDECLARED_SELECTOR = YES;
				GCC_WARN_UNINITIALIZED_AUTOS = YES_AGGRESSIVE;
				GCC_WARN_UNUSED_FUNCTION = YES;
				GCC_WARN_UNUSED_VARIABLE = YES;
				MACOSX_DEPLOYMENT_TARGET = 12.3;
				MTL_ENABLE_DEBUG_INFO = NO;
				MTL_FAST_MATH = YES;
				SDKROOT = macosx;
				SWIFT_COMPILATION_MODE = wholemodule;
				SWIFT_OPTIMIZATION_LEVEL = "-O";
			};
			name = Release;
		};
		FB6FB38729DB765C003DE30D /* Debug */ = {
			isa = XCBuildConfiguration;
			buildSettings = {
				CODE_SIGN_STYLE = Automatic;
				DEVELOPMENT_TEAM = RJTYFV5RFU;
				ENABLE_HARDENED_RUNTIME = YES;
				PRODUCT_NAME = "$(TARGET_NAME)";
				SWIFT_VERSION = 5.0;
			};
			name = Debug;
		};
		FB6FB38829DB765C003DE30D /* Release */ = {
			isa = XCBuildConfiguration;
			buildSettings = {
				CODE_SIGN_STYLE = Automatic;
				DEVELOPMENT_TEAM = RJTYFV5RFU;
				ENABLE_HARDENED_RUNTIME = YES;
				PRODUCT_NAME = "$(TARGET_NAME)";
				SWIFT_VERSION = 5.0;
			};
			name = Release;
		};
		FB6FB39429DB76A3003DE30D /* Debug */ = {
			isa = XCBuildConfiguration;
			buildSettings = {
				CODE_SIGN_STYLE = Automatic;
				CURRENT_PROJECT_VERSION = 1;
				DEVELOPMENT_TEAM = RJTYFV5RFU;
				GENERATE_INFOPLIST_FILE = YES;
				MARKETING_VERSION = 1.0;
				PRODUCT_BUNDLE_IDENTIFIER = tk.unitTest;
				PRODUCT_NAME = "$(TARGET_NAME)";
				SWIFT_EMIT_LOC_STRINGS = NO;
				SWIFT_VERSION = 5.0;
			};
			name = Debug;
		};
		FB6FB39529DB76A3003DE30D /* Release */ = {
			isa = XCBuildConfiguration;
			buildSettings = {
				CODE_SIGN_STYLE = Automatic;
				CURRENT_PROJECT_VERSION = 1;
				DEVELOPMENT_TEAM = RJTYFV5RFU;
				GENERATE_INFOPLIST_FILE = YES;
				MARKETING_VERSION = 1.0;
				PRODUCT_BUNDLE_IDENTIFIER = tk.unitTest;
				PRODUCT_NAME = "$(TARGET_NAME)";
				SWIFT_EMIT_LOC_STRINGS = NO;
				SWIFT_VERSION = 5.0;
			};
			name = Release;
		};
/* End XCBuildConfiguration section */

/* Begin XCConfigurationList section */
		FB6FB37A29DB765C003DE30D /* Build configuration list for PBXProject "testSwiftCompiler" */ = {
			isa = XCConfigurationList;
			buildConfigurations = (
				FB6FB38429DB765C003DE30D /* Debug */,
				FB6FB38529DB765C003DE30D /* Release */,
			);
			defaultConfigurationIsVisible = 0;
			defaultConfigurationName = Release;
		};
		FB6FB38629DB765C003DE30D /* Build configuration list for PBXNativeTarget "testSwiftCompiler" */ = {
			isa = XCConfigurationList;
			buildConfigurations = (
				FB6FB38729DB765C003DE30D /* Debug */,
				FB6FB38829DB765C003DE30D /* Release */,
			);
			defaultConfigurationIsVisible = 0;
			defaultConfigurationName = Release;
		};
		FB6FB39329DB76A3003DE30D /* Build configuration list for PBXNativeTarget "unitTest" */ = {
			isa = XCConfigurationList;
			buildConfigurations = (
				FB6FB39429DB76A3003DE30D /* Debug */,
				FB6FB39529DB76A3003DE30D /* Release */,
			);
			defaultConfigurationIsVisible = 0;
			defaultConfigurationName = Release;
		};
/* End XCConfigurationList section */
	};
	rootObject = FB6FB37729DB765C003DE30D /* Project object */;
}
